
Microsoft Visual Studio Solution File, Format Version 12.00
# Visual Studio 15
VisualStudioVersion = 15.0.26124.0
MinimumVisualStudioVersion = 15.0.26124.0
Project("{2150E333-8FDC-42A3-9474-1A3956D46DE8}") = "src", "src", "{ABA64734-5B49-4F0D-916F-BDF65C9C5F77}"
EndProject
Project("{FAE04EC0-301F-11D3-BF4B-00C04F79EFBC}") = "Evercraft.Web", "src\Evercraft.Web\Evercraft.Web.csproj", "{9470CAD5-DB55-4065-837E-10D17F46AEA9}"
EndProject
Project("{2150E333-8FDC-42A3-9474-1A3956D46DE8}") = "tests", "tests", "{4233BC0F-11D5-40E9-B6ED-B42028AA677C}"
EndProject
Project("{FAE04EC0-301F-11D3-BF4B-00C04F79EFBC}") = "Evercraft.Web.Test", "tests\Evercraft.Web.Test\Evercraft.Web.Test.csproj", "{95D27CE9-7A4D-4222-BBB4-132C7765B9C9}"
EndProject
Project("{FAE04EC0-301F-11D3-BF4B-00C04F79EFBC}") = "Evercraft.Features", "tests\Evercraft.Features\Evercraft.Features.csproj", "{44FFCC3B-BBE0-48D1-A5D5-A60FE75AFF49}"
EndProject
Project("{2150E333-8FDC-42A3-9474-1A3956D46DE8}") = ".docs", ".docs", "{46520EB4-E9F3-42A8-B5EF-2992BB1C7DDE}"
ProjectSection(SolutionItems) = preProject
	original-source.md = original-source.md
	readme.md = readme.md
EndProjectSection
EndProject
Global
	GlobalSection(SolutionConfigurationPlatforms) = preSolution
		Debug|Any CPU = Debug|Any CPU
		Debug|x64 = Debug|x64
		Debug|x86 = Debug|x86
		Release|Any CPU = Release|Any CPU
		Release|x64 = Release|x64
		Release|x86 = Release|x86
	EndGlobalSection
	GlobalSection(SolutionProperties) = preSolution
		HideSolutionNode = FALSE
	EndGlobalSection
	GlobalSection(ProjectConfigurationPlatforms) = postSolution
		{9470CAD5-DB55-4065-837E-10D17F46AEA9}.Debug|Any CPU.ActiveCfg = Debug|Any CPU
		{9470CAD5-DB55-4065-837E-10D17F46AEA9}.Debug|Any CPU.Build.0 = Debug|Any CPU
		{9470CAD5-DB55-4065-837E-10D17F46AEA9}.Debug|x64.ActiveCfg = Debug|Any CPU
		{9470CAD5-DB55-4065-837E-10D17F46AEA9}.Debug|x64.Build.0 = Debug|Any CPU
		{9470CAD5-DB55-4065-837E-10D17F46AEA9}.Debug|x86.ActiveCfg = Debug|Any CPU
		{9470CAD5-DB55-4065-837E-10D17F46AEA9}.Debug|x86.Build.0 = Debug|Any CPU
		{9470CAD5-DB55-4065-837E-10D17F46AEA9}.Release|Any CPU.ActiveCfg = Release|Any CPU
		{9470CAD5-DB55-4065-837E-10D17F46AEA9}.Release|Any CPU.Build.0 = Release|Any CPU
		{9470CAD5-DB55-4065-837E-10D17F46AEA9}.Release|x64.ActiveCfg = Release|Any CPU
		{9470CAD5-DB55-4065-837E-10D17F46AEA9}.Release|x64.Build.0 = Release|Any CPU
		{9470CAD5-DB55-4065-837E-10D17F46AEA9}.Release|x86.ActiveCfg = Release|Any CPU
		{9470CAD5-DB55-4065-837E-10D17F46AEA9}.Release|x86.Build.0 = Release|Any CPU
		{95D27CE9-7A4D-4222-BBB4-132C7765B9C9}.Debug|Any CPU.ActiveCfg = Debug|Any CPU
		{95D27CE9-7A4D-4222-BBB4-132C7765B9C9}.Debug|Any CPU.Build.0 = Debug|Any CPU
		{95D27CE9-7A4D-4222-BBB4-132C7765B9C9}.Debug|x64.ActiveCfg = Debug|Any CPU
		{95D27CE9-7A4D-4222-BBB4-132C7765B9C9}.Debug|x64.Build.0 = Debug|Any CPU
		{95D27CE9-7A4D-4222-BBB4-132C7765B9C9}.Debug|x86.ActiveCfg = Debug|Any CPU
		{95D27CE9-7A4D-4222-BBB4-132C7765B9C9}.Debug|x86.Build.0 = Debug|Any CPU
		{95D27CE9-7A4D-4222-BBB4-132C7765B9C9}.Release|Any CPU.ActiveCfg = Release|Any CPU
		{95D27CE9-7A4D-4222-BBB4-132C7765B9C9}.Release|Any CPU.Build.0 = Release|Any CPU
		{95D27CE9-7A4D-4222-BBB4-132C7765B9C9}.Release|x64.ActiveCfg = Release|Any CPU
		{95D27CE9-7A4D-4222-BBB4-132C7765B9C9}.Release|x64.Build.0 = Release|Any CPU
		{95D27CE9-7A4D-4222-BBB4-132C7765B9C9}.Release|x86.ActiveCfg = Release|Any CPU
		{95D27CE9-7A4D-4222-BBB4-132C7765B9C9}.Release|x86.Build.0 = Release|Any CPU
		{44FFCC3B-BBE0-48D1-A5D5-A60FE75AFF49}.Debug|Any CPU.ActiveCfg = Debug|Any CPU
		{44FFCC3B-BBE0-48D1-A5D5-A60FE75AFF49}.Debug|Any CPU.Build.0 = Debug|Any CPU
		{44FFCC3B-BBE0-48D1-A5D5-A60FE75AFF49}.Debug|x64.ActiveCfg = Debug|Any CPU
		{44FFCC3B-BBE0-48D1-A5D5-A60FE75AFF49}.Debug|x64.Build.0 = Debug|Any CPU
		{44FFCC3B-BBE0-48D1-A5D5-A60FE75AFF49}.Debug|x86.ActiveCfg = Debug|Any CPU
		{44FFCC3B-BBE0-48D1-A5D5-A60FE75AFF49}.Debug|x86.Build.0 = Debug|Any CPU
		{44FFCC3B-BBE0-48D1-A5D5-A60FE75AFF49}.Release|Any CPU.ActiveCfg = Release|Any CPU
		{44FFCC3B-BBE0-48D1-A5D5-A60FE75AFF49}.Release|Any CPU.Build.0 = Release|Any CPU
		{44FFCC3B-BBE0-48D1-A5D5-A60FE75AFF49}.Release|x64.ActiveCfg = Release|Any CPU
		{44FFCC3B-BBE0-48D1-A5D5-A60FE75AFF49}.Release|x64.Build.0 = Release|Any CPU
		{44FFCC3B-BBE0-48D1-A5D5-A60FE75AFF49}.Release|x86.ActiveCfg = Release|Any CPU
		{44FFCC3B-BBE0-48D1-A5D5-A60FE75AFF49}.Release|x86.Build.0 = Release|Any CPU
	EndGlobalSection
	GlobalSection(NestedProjects) = preSolution
		{9470CAD5-DB55-4065-837E-10D17F46AEA9} = {ABA64734-5B49-4F0D-916F-BDF65C9C5F77}
		{95D27CE9-7A4D-4222-BBB4-132C7765B9C9} = {4233BC0F-11D5-40E9-B6ED-B42028AA677C}
		{44FFCC3B-BBE0-48D1-A5D5-A60FE75AFF49} = {4233BC0F-11D5-40E9-B6ED-B42028AA677C}
	EndGlobalSection
EndGlobal
